
Microsoft Visual Studio Solution File, Format Version 12.00
# Visual Studio Version 17
VisualStudioVersion = 17.8.34330.188
MinimumVisualStudioVersion = 10.0.40219.1
Project("{FAE04EC0-301F-11D3-BF4B-00C04F79EFBC}") = "CarDealership", "CarDealership\CarDealership.csproj", "{F630AE07-D924-4154-9D8D-7B2DD5DD0A22}"
EndProject
Global
	GlobalSection(SolutionConfigurationPlatforms) = preSolution
		Debug|Any CPU = Debug|Any CPU
		Release|Any CPU = Release|Any CPU
	EndGlobalSection
	GlobalSection(ProjectConfigurationPlatforms) = postSolution
		{F630AE07-D924-4154-9D8D-7B2DD5DD0A22}.Debug|Any CPU.ActiveCfg = Debug|Any CPU
		{F630AE07-D924-4154-9D8D-7B2DD5DD0A22}.Debug|Any CPU.Build.0 = Debug|Any CPU
		{F630AE07-D924-4154-9D8D-7B2DD5DD0A22}.Release|Any CPU.ActiveCfg = Release|Any CPU
		{F630AE07-D924-4154-9D8D-7B2DD5DD0A22}.Release|Any CPU.Build.0 = Release|Any CPU
	EndGlobalSection
	GlobalSection(SolutionProperties) = preSolution
		HideSolutionNode = FALSE
	EndGlobalSection
	GlobalSection(ExtensibilityGlobals) = postSolution
		SolutionGuid = {C367ECBE-0BCE-4111-810B-C49F935B240A}
	EndGlobalSection
EndGlobal
